
Microsoft Visual Studio Solution File, Format Version 12.00
# Visual Studio Version 16
VisualStudioVersion = 16.0.28803.352
MinimumVisualStudioVersion = 10.0.40219.1
Project("{FAE04EC0-301F-11D3-BF4B-00C04F79EFBC}") = "Breakdawn.Protocol", "Breakdawn.Protocol\Breakdawn.Protocol.csproj", "{C53C11AE-A9E3-4CEC-A39E-33FF3B0779BF}"
EndProject
Project("{FAE04EC0-301F-11D3-BF4B-00C04F79EFBC}") = "Breakdawn.Server", "Breakdawn.Server\Breakdawn.Server.csproj", "{3C0B8657-4F87-4DFD-A956-A16EABA9ADF7}"
EndProject
Global
	GlobalSection(SolutionConfigurationPlatforms) = preSolution
		Debug|Any CPU = Debug|Any CPU
		Release|Any CPU = Release|Any CPU
	EndGlobalSection
	GlobalSection(ProjectConfigurationPlatforms) = postSolution
		{C53C11AE-A9E3-4CEC-A39E-33FF3B0779BF}.Debug|Any CPU.ActiveCfg = Debug|Any CPU
		{C53C11AE-A9E3-4CEC-A39E-33FF3B0779BF}.Debug|Any CPU.Build.0 = Debug|Any CPU
		{C53C11AE-A9E3-4CEC-A39E-33FF3B0779BF}.Release|Any CPU.ActiveCfg = Release|Any CPU
		{C53C11AE-A9E3-4CEC-A39E-33FF3B0779BF}.Release|Any CPU.Build.0 = Release|Any CPU
		{3C0B8657-4F87-4DFD-A956-A16EABA9ADF7}.Debug|Any CPU.ActiveCfg = Debug|Any CPU
		{3C0B8657-4F87-4DFD-A956-A16EABA9ADF7}.Debug|Any CPU.Build.0 = Debug|Any CPU
		{3C0B8657-4F87-4DFD-A956-A16EABA9ADF7}.Release|Any CPU.ActiveCfg = Release|Any CPU
		{3C0B8657-4F87-4DFD-A956-A16EABA9ADF7}.Release|Any CPU.Build.0 = Release|Any CPU
	EndGlobalSection
	GlobalSection(SolutionProperties) = preSolution
		HideSolutionNode = FALSE
	EndGlobalSection
	GlobalSection(ExtensibilityGlobals) = postSolution
		SolutionGuid = {13574A84-8AFE-4346-B2E0-F90446F000B4}
	EndGlobalSection
EndGlobal
